
Microsoft Visual Studio Solution File, Format Version 12.00
# Visual Studio Version 16
VisualStudioVersion = 16.0.30002.166
MinimumVisualStudioVersion = 10.0.40219.1
Project("{9A19103F-16F7-4668-BE54-9A1E7A4F7556}") = "autosupport-lsp-server", "autosupport-lsp-server\autosupport-lsp-server.csproj", "{E87C13CC-73B8-4CDD-8281-5772C3C15301}"
EndProject
Project("{9A19103F-16F7-4668-BE54-9A1E7A4F7556}") = "Tests", "Tests\Tests.csproj", "{9E2AB163-C114-4CBD-A5CB-FC54863EC276}"
EndProject
Project("{2150E333-8FDC-42A3-9474-1A3956D46DE8}") = "Solution Items", "Solution Items", "{B0BA3C4E-F779-4C4B-879C-B80D451996C6}"
	ProjectSection(SolutionItems) = preProject
		.editorconfig = .editorconfig
	EndProjectSection
EndProject
Global
	GlobalSection(SolutionConfigurationPlatforms) = preSolution
		Debug|Any CPU = Debug|Any CPU
		Release|Any CPU = Release|Any CPU
	EndGlobalSection
	GlobalSection(ProjectConfigurationPlatforms) = postSolution
		{E87C13CC-73B8-4CDD-8281-5772C3C15301}.Debug|Any CPU.ActiveCfg = Debug|Any CPU
		{E87C13CC-73B8-4CDD-8281-5772C3C15301}.Debug|Any CPU.Build.0 = Debug|Any CPU
		{E87C13CC-73B8-4CDD-8281-5772C3C15301}.Release|Any CPU.ActiveCfg = Release|Any CPU
		{E87C13CC-73B8-4CDD-8281-5772C3C15301}.Release|Any CPU.Build.0 = Release|Any CPU
		{9E2AB163-C114-4CBD-A5CB-FC54863EC276}.Debug|Any CPU.ActiveCfg = Debug|Any CPU
		{9E2AB163-C114-4CBD-A5CB-FC54863EC276}.Debug|Any CPU.Build.0 = Debug|Any CPU
		{9E2AB163-C114-4CBD-A5CB-FC54863EC276}.Release|Any CPU.ActiveCfg = Release|Any CPU
		{9E2AB163-C114-4CBD-A5CB-FC54863EC276}.Release|Any CPU.Build.0 = Release|Any CPU
	EndGlobalSection
	GlobalSection(SolutionProperties) = preSolution
		HideSolutionNode = FALSE
	EndGlobalSection
	GlobalSection(ExtensibilityGlobals) = postSolution
		SolutionGuid = {ABB94ABE-A03E-44B8-B85C-0C0A9BDF200F}
	EndGlobalSection
EndGlobal
